github.com/tencentcloud/tencentcloud-sdk-go/tencentcloud/common v1.0.596 h1:vlsmIJVMmSmFEVwKyvvu3oYWOzAHWFb92eSSacjI5gs=
github.com/tencentcloud/tencentcloud-sdk-go/tencentcloud/common v1.0.596/go.mod h1:7sCQWVkxcsR38nffDW057DRGk8mUjK1Ing/EFOK8s8Y=
github.com/tencentcloud/tencentcloud-sdk-go/tencentcloud/sms v1.0.596 h1:9h0E1w9RlNatMK6dbbCE6K/DURI24QREF+87qqOeQjY=
github.com/tencentcloud/tencentcloud-sdk-go/tencentcloud/sms v1.0.596/go.mod h1:3yX+b70HSKby2MiwWmfPn+oAImsgkNZj7H9JX0uiLoA=
